// !$*UTF8*$!
{
	archiveVersion = 1;
	classes = {
	};
	objectVersion = 55;
	objects = {

/* Begin PBXBuildFile section */
		02E8C80328A3145F0056C7BD /* main.cpp in Sources */ = {isa = PBXBuildFile; fileRef = 02E8C80228A3145F0056C7BD /* main.cpp */; };
		02E8C82028A318210056C7BD /* main.cpp in Sources */ = {isa = PBXBuildFile; fileRef = 02E8C81F28A318210056C7BD /* main.cpp */; };
		02E8C82B28A318490056C7BD /* main.cpp in Sources */ = {isa = PBXBuildFile; fileRef = 02E8C82A28A318490056C7BD /* main.cpp */; };
		02E8C83628A318AE0056C7BD /* main.cpp in Sources */ = {isa = PBXBuildFile; fileRef = 02E8C83528A318AE0056C7BD /* main.cpp */; };
		02E8C84128A318DC0056C7BD /* main.cpp in Sources */ = {isa = PBXBuildFile; fileRef = 02E8C84028A318DC0056C7BD /* main.cpp */; };
		02E8C84C28A3190E0056C7BD /* main.cpp in Sources */ = {isa = PBXBuildFile; fileRef = 02E8C84B28A3190E0056C7BD /* main.cpp */; };
		02E8C85728A319510056C7BD /* main.cpp in Sources */ = {isa = PBXBuildFile; fileRef = 02E8C85628A319510056C7BD /* main.cpp */; };
		02E8C86228A319670056C7BD /* main.cpp in Sources */ = {isa = PBXBuildFile; fileRef = 02E8C86128A319670056C7BD /* main.cpp */; };
		02E8C86D28A319950056C7BD /* main.cpp in Sources */ = {isa = PBXBuildFile; fileRef = 02E8C86C28A319950056C7BD /* main.cpp */; };
		02E8C87828A319A00056C7BD /* main.cpp in Sources */ = {isa = PBXBuildFile; fileRef = 02E8C87728A319A00056C7BD /* main.cpp */; };
		02E8C88328A319AF0056C7BD /* main.cpp in Sources */ = {isa = PBXBuildFile; fileRef = 02E8C88228A319AF0056C7BD /* main.cpp */; };
		02E8C88E28A319C30056C7BD /* main.cpp in Sources */ = {isa = PBXBuildFile; fileRef = 02E8C88D28A319C30056C7BD /* main.cpp */; };
		02E8C89928A31D550056C7BD /* main.cpp in Sources */ = {isa = PBXBuildFile; fileRef = 02E8C89828A31D550056C7BD /* main.cpp */; };
		02E8C8A428A31DA10056C7BD /* main.cpp in Sources */ = {isa = PBXBuildFile; fileRef = 02E8C8A328A31DA10056C7BD /* main.cpp */; };
		02E8C8AF28A31DC30056C7BD /* main.cpp in Sources */ = {isa = PBXBuildFile; fileRef = 02E8C8AE28A31DC30056C7BD /* main.cpp */; };
		02E8C8BA28A31DD10056C7BD /* main.cpp in Sources */ = {isa = PBXBuildFile; fileRef = 02E8C8B928A31DD10056C7BD /* main.cpp */; };
		02E8C98F28A59F970056C7BD /* Movie.cpp in Sources */ = {isa = PBXBuildFile; fileRef = 02E8C98D28A59F970056C7BD /* Movie.cpp */; };
		02E8C99228A5A14A0056C7BD /* Movies.cpp in Sources */ = {isa = PBXBuildFile; fileRef = 02E8C99028A5A14A0056C7BD /* Movies.cpp */; };
		02E8C99528A600710056C7BD /* MoviesUtil.cpp in Sources */ = {isa = PBXBuildFile; fileRef = 02E8C99328A600710056C7BD /* MoviesUtil.cpp */; };
		02E8C99928A7324B0056C7BD /* MyStringMember.cpp in Sources */ = {isa = PBXBuildFile; fileRef = 02E8C99728A7324A0056C7BD /* MyStringMember.cpp */; };
		02E8C99C28A8AC040056C7BD /* MyStringFriend.cpp in Sources */ = {isa = PBXBuildFile; fileRef = 02E8C99A28A8AC040056C7BD /* MyStringFriend.cpp */; };
		02E8C9A428AAE3000056C7BD /* Account.cpp in Sources */ = {isa = PBXBuildFile; fileRef = 02E8C9A228AAE3000056C7BD /* Account.cpp */; };
		02E8C9A728AAE39D0056C7BD /* Account_Util.cpp in Sources */ = {isa = PBXBuildFile; fileRef = 02E8C9A528AAE39D0056C7BD /* Account_Util.cpp */; };
		02E8C9AA28AAE3E40056C7BD /* Savings_Account.cpp in Sources */ = {isa = PBXBuildFile; fileRef = 02E8C9A828AAE3E40056C7BD /* Savings_Account.cpp */; };
		02E8C9AD28AAE4300056C7BD /* Checking_Account.cpp in Sources */ = {isa = PBXBuildFile; fileRef = 02E8C9AB28AAE4300056C7BD /* Checking_Account.cpp */; };
		02E8C9B028AAE45E0056C7BD /* Trust_Account.cpp in Sources */ = {isa = PBXBuildFile; fileRef = 02E8C9AE28AAE45E0056C7BD /* Trust_Account.cpp */; };
		02E8C9B428AAE5E10056C7BD /* I_Printable.cpp in Sources */ = {isa = PBXBuildFile; fileRef = 02E8C9B228AAE5E00056C7BD /* I_Printable.cpp */; };
		02E8C9B728AAE6040056C7BD /* Account.cpp in Sources */ = {isa = PBXBuildFile; fileRef = 02E8C9B528AAE6040056C7BD /* Account.cpp */; };
		02E8C9BA28AAE6480056C7BD /* Account_Util.cpp in Sources */ = {isa = PBXBuildFile; fileRef = 02E8C9B828AAE6480056C7BD /* Account_Util.cpp */; };
		02E8C9BD28AAE6800056C7BD /* Checking.cpp in Sources */ = {isa = PBXBuildFile; fileRef = 02E8C9BB28AAE6800056C7BD /* Checking.cpp */; };
		02E8C9C028AAE6C00056C7BD /* Savings.cpp in Sources */ = {isa = PBXBuildFile; fileRef = 02E8C9BE28AAE6C00056C7BD /* Savings.cpp */; };
		02E8C9C328AAE6F40056C7BD /* Trust.cpp in Sources */ = {isa = PBXBuildFile; fileRef = 02E8C9C128AAE6F40056C7BD /* Trust.cpp */; };
		02E8C9CD28AAEAD80056C7BD /* I_Printable.cpp in Sources */ = {isa = PBXBuildFile; fileRef = 02E8C9CB28AAEAD80056C7BD /* I_Printable.cpp */; };
		02E8C9D028AAEB170056C7BD /* Account.cpp in Sources */ = {isa = PBXBuildFile; fileRef = 02E8C9CE28AAEB170056C7BD /* Account.cpp */; };
		02E8C9D328AAF3090056C7BD /* Account_Util.cpp in Sources */ = {isa = PBXBuildFile; fileRef = 02E8C9D128AAF3090056C7BD /* Account_Util.cpp */; };
		02E8C9D628AAF3650056C7BD /* Checking.cpp in Sources */ = {isa = PBXBuildFile; fileRef = 02E8C9D428AAF3650056C7BD /* Checking.cpp */; };
		02E8C9D928AAF3E40056C7BD /* Savings.cpp in Sources */ = {isa = PBXBuildFile; fileRef = 02E8C9D728AAF3E40056C7BD /* Savings.cpp */; };
		02E8C9DC28AAF3FF0056C7BD /* Trust.cpp in Sources */ = {isa = PBXBuildFile; fileRef = 02E8C9DA28AAF3FF0056C7BD /* Trust.cpp */; };
/* End PBXBuildFile section */

/* Begin PBXCopyFilesBuildPhase section */
		02E8C7FD28A3145F0056C7BD /* CopyFiles */ = {
			isa = PBXCopyFilesBuildPhase;
			buildActionMask = 2147483647;
			dstPath = /usr/share/man/man1/;
			dstSubfolderSpec = 0;
			files = (
			);
			runOnlyForDeploymentPostprocessing = 1;
		};
		02E8C81B28A318210056C7BD /* CopyFiles */ = {
			isa = PBXCopyFilesBuildPhase;
			buildActionMask = 2147483647;
			dstPath = /usr/share/man/man1/;
			dstSubfolderSpec = 0;
			files = (
			);
			runOnlyForDeploymentPostprocessing = 1;
		};
		02E8C82628A318490056C7BD /* CopyFiles */ = {
			isa = PBXCopyFilesBuildPhase;
			buildActionMask = 2147483647;
			dstPath = /usr/share/man/man1/;
			dstSubfolderSpec = 0;
			files = (
			);
			runOnlyForDeploymentPostprocessing = 1;
		};
		02E8C83128A318AE0056C7BD /* CopyFiles */ = {
			isa = PBXCopyFilesBuildPhase;
			buildActionMask = 2147483647;
			dstPath = /usr/share/man/man1/;
			dstSubfolderSpec = 0;
			files = (
			);
			runOnlyForDeploymentPostprocessing = 1;
		};
		02E8C83C28A318DC0056C7BD /* CopyFiles */ = {
			isa = PBXCopyFilesBuildPhase;
			buildActionMask = 2147483647;
			dstPath = /usr/share/man/man1/;
			dstSubfolderSpec = 0;
			files = (
			);
			runOnlyForDeploymentPostprocessing = 1;
		};
		02E8C84728A3190E0056C7BD /* CopyFiles */ = {
			isa = PBXCopyFilesBuildPhase;
			buildActionMask = 2147483647;
			dstPath = /usr/share/man/man1/;
			dstSubfolderSpec = 0;
			files = (
			);
			runOnlyForDeploymentPostprocessing = 1;
		};
		02E8C85228A319510056C7BD /* CopyFiles */ = {
			isa = PBXCopyFilesBuildPhase;
			buildActionMask = 2147483647;
			dstPath = /usr/share/man/man1/;
			dstSubfolderSpec = 0;
			files = (
			);
			runOnlyForDeploymentPostprocessing = 1;
		};
		02E8C85D28A319660056C7BD /* CopyFiles */ = {
			isa = PBXCopyFilesBuildPhase;
			buildActionMask = 2147483647;
			dstPath = /usr/share/man/man1/;
			dstSubfolderSpec = 0;
			files = (
			);
			runOnlyForDeploymentPostprocessing = 1;
		};
		02E8C86828A319940056C7BD /* CopyFiles */ = {
			isa = PBXCopyFilesBuildPhase;
			buildActionMask = 2147483647;
			dstPath = /usr/share/man/man1/;
			dstSubfolderSpec = 0;
			files = (
			);
			runOnlyForDeploymentPostprocessing = 1;
		};
		02E8C87328A319A00056C7BD /* CopyFiles */ = {
			isa = PBXCopyFilesBuildPhase;
			buildActionMask = 2147483647;
			dstPath = /usr/share/man/man1/;
			dstSubfolderSpec = 0;
			files = (
			);
			runOnlyForDeploymentPostprocessing = 1;
		};
		02E8C87E28A319AF0056C7BD /* CopyFiles */ = {
			isa = PBXCopyFilesBuildPhase;
			buildActionMask = 2147483647;
			dstPath = /usr/share/man/man1/;
			dstSubfolderSpec = 0;
			files = (
			);
			runOnlyForDeploymentPostprocessing = 1;
		};
		02E8C88928A319C30056C7BD /* CopyFiles */ = {
			isa = PBXCopyFilesBuildPhase;
			buildActionMask = 2147483647;
			dstPath = /usr/share/man/man1/;
			dstSubfolderSpec = 0;
			files = (
			);
			runOnlyForDeploymentPostprocessing = 1;
		};
		02E8C89428A31D540056C7BD /* CopyFiles */ = {
			isa = PBXCopyFilesBuildPhase;
			buildActionMask = 2147483647;
			dstPath = /usr/share/man/man1/;
			dstSubfolderSpec = 0;
			files = (
			);
			runOnlyForDeploymentPostprocessing = 1;
		};
		02E8C89F28A31DA10056C7BD /* CopyFiles */ = {
			isa = PBXCopyFilesBuildPhase;
			buildActionMask = 2147483647;
			dstPath = /usr/share/man/man1/;
			dstSubfolderSpec = 0;
			files = (
			);
			runOnlyForDeploymentPostprocessing = 1;
		};
		02E8C8AA28A31DC30056C7BD /* CopyFiles */ = {
			isa = PBXCopyFilesBuildPhase;
			buildActionMask = 2147483647;
			dstPath = /usr/share/man/man1/;
			dstSubfolderSpec = 0;
			files = (
			);
			runOnlyForDeploymentPostprocessing = 1;
		};
		02E8C8B528A31DD10056C7BD /* CopyFiles */ = {
			isa = PBXCopyFilesBuildPhase;
			buildActionMask = 2147483647;
			dstPath = /usr/share/man/man1/;
			dstSubfolderSpec = 0;
			files = (
			);
			runOnlyForDeploymentPostprocessing = 1;
		};
/* End PBXCopyFilesBuildPhase section */

/* Begin PBXFileReference section */
		02E8C7FF28A3145F0056C7BD /* LearningCPP_UdemyChallenges */ = {isa = PBXFileReference; explicitFileType = "compiled.mach-o.executable"; includeInIndex = 0; path = LearningCPP_UdemyChallenges; sourceTree = BUILT_PRODUCTS_DIR; };
		02E8C80228A3145F0056C7BD /* main.cpp */ = {isa = PBXFileReference; lastKnownFileType = sourcecode.cpp.cpp; path = main.cpp; sourceTree = "<group>"; };
		02E8C81D28A318210056C7BD /* StatementsAndOperators */ = {isa = PBXFileReference; explicitFileType = "compiled.mach-o.executable"; includeInIndex = 0; path = StatementsAndOperators; sourceTree = BUILT_PRODUCTS_DIR; };
		02E8C81F28A318210056C7BD /* main.cpp */ = {isa = PBXFileReference; lastKnownFileType = sourcecode.cpp.cpp; path = main.cpp; sourceTree = "<group>"; };
		02E8C82828A318490056C7BD /* ControllingProgramFlow */ = {isa = PBXFileReference; explicitFileType = "compiled.mach-o.executable"; includeInIndex = 0; path = ControllingProgramFlow; sourceTree = BUILT_PRODUCTS_DIR; };
		02E8C82A28A318490056C7BD /* main.cpp */ = {isa = PBXFileReference; lastKnownFileType = sourcecode.cpp.cpp; path = main.cpp; sourceTree = "<group>"; };
		02E8C83328A318AE0056C7BD /* CharactersAndStrings */ = {isa = PBXFileReference; explicitFileType = "compiled.mach-o.executable"; includeInIndex = 0; path = CharactersAndStrings; sourceTree = BUILT_PRODUCTS_DIR; };
		02E8C83528A318AE0056C7BD /* main.cpp */ = {isa = PBXFileReference; lastKnownFileType = sourcecode.cpp.cpp; path = main.cpp; sourceTree = "<group>"; };
		02E8C83E28A318DC0056C7BD /* Functions */ = {isa = PBXFileReference; explicitFileType = "compiled.mach-o.executable"; includeInIndex = 0; path = Functions; sourceTree = BUILT_PRODUCTS_DIR; };
		02E8C84028A318DC0056C7BD /* main.cpp */ = {isa = PBXFileReference; lastKnownFileType = sourcecode.cpp.cpp; path = main.cpp; sourceTree = "<group>"; };
		02E8C84928A3190E0056C7BD /* PointersAndReferences */ = {isa = PBXFileReference; explicitFileType = "compiled.mach-o.executable"; includeInIndex = 0; path = PointersAndReferences; sourceTree = BUILT_PRODUCTS_DIR; };
		02E8C84B28A3190E0056C7BD /* main.cpp */ = {isa = PBXFileReference; lastKnownFileType = sourcecode.cpp.cpp; path = main.cpp; sourceTree = "<group>"; };
		02E8C85428A319510056C7BD /* OOP-ClassesAndObjects */ = {isa = PBXFileReference; explicitFileType = "compiled.mach-o.executable"; includeInIndex = 0; path = "OOP-ClassesAndObjects"; sourceTree = BUILT_PRODUCTS_DIR; };
		02E8C85628A319510056C7BD /* main.cpp */ = {isa = PBXFileReference; lastKnownFileType = sourcecode.cpp.cpp; path = main.cpp; sourceTree = "<group>"; };
		02E8C85F28A319660056C7BD /* OperatorOverloading */ = {isa = PBXFileReference; explicitFileType = "compiled.mach-o.executable"; includeInIndex = 0; path = OperatorOverloading; sourceTree = BUILT_PRODUCTS_DIR; };
		02E8C86128A319670056C7BD /* main.cpp */ = {isa = PBXFileReference; lastKnownFileType = sourcecode.cpp.cpp; path = main.cpp; sourceTree = "<group>"; };
		02E8C86A28A319940056C7BD /* Inheritance */ = {isa = PBXFileReference; explicitFileType = "compiled.mach-o.executable"; includeInIndex = 0; path = Inheritance; sourceTree = BUILT_PRODUCTS_DIR; };
		02E8C86C28A319950056C7BD /* main.cpp */ = {isa = PBXFileReference; lastKnownFileType = sourcecode.cpp.cpp; path = main.cpp; sourceTree = "<group>"; };
		02E8C87528A319A00056C7BD /* Polymorphism */ = {isa = PBXFileReference; explicitFileType = "compiled.mach-o.executable"; includeInIndex = 0; path = Polymorphism; sourceTree = BUILT_PRODUCTS_DIR; };
		02E8C87728A319A00056C7BD /* main.cpp */ = {isa = PBXFileReference; lastKnownFileType = sourcecode.cpp.cpp; path = main.cpp; sourceTree = "<group>"; };
		02E8C88028A319AF0056C7BD /* SmartPointers */ = {isa = PBXFileReference; explicitFileType = "compiled.mach-o.executable"; includeInIndex = 0; path = SmartPointers; sourceTree = BUILT_PRODUCTS_DIR; };
		02E8C88228A319AF0056C7BD /* main.cpp */ = {isa = PBXFileReference; lastKnownFileType = sourcecode.cpp.cpp; path = main.cpp; sourceTree = "<group>"; };
		02E8C88B28A319C30056C7BD /* ExceptionHandling */ = {isa = PBXFileReference; explicitFileType = "compiled.mach-o.executable"; includeInIndex = 0; path = ExceptionHandling; sourceTree = BUILT_PRODUCTS_DIR; };
		02E8C88D28A319C30056C7BD /* main.cpp */ = {isa = PBXFileReference; lastKnownFileType = sourcecode.cpp.cpp; path = main.cpp; sourceTree = "<group>"; };
		02E8C89628A31D540056C7BD /* IOandStreams */ = {isa = PBXFileReference; explicitFileType = "compiled.mach-o.executable"; includeInIndex = 0; path = IOandStreams; sourceTree = BUILT_PRODUCTS_DIR; };
		02E8C89828A31D550056C7BD /* main.cpp */ = {isa = PBXFileReference; lastKnownFileType = sourcecode.cpp.cpp; path = main.cpp; sourceTree = "<group>"; };
		02E8C8A128A31DA10056C7BD /* StandardTemplateLibrary */ = {isa = PBXFileReference; explicitFileType = "compiled.mach-o.executable"; includeInIndex = 0; path = StandardTemplateLibrary; sourceTree = BUILT_PRODUCTS_DIR; };
		02E8C8A328A31DA10056C7BD /* main.cpp */ = {isa = PBXFileReference; lastKnownFileType = sourcecode.cpp.cpp; path = main.cpp; sourceTree = "<group>"; };
		02E8C8AC28A31DC30056C7BD /* LambdaExpressions */ = {isa = PBXFileReference; explicitFileType = "compiled.mach-o.executable"; includeInIndex = 0; path = LambdaExpressions; sourceTree = BUILT_PRODUCTS_DIR; };
		02E8C8AE28A31DC30056C7BD /* main.cpp */ = {isa = PBXFileReference; lastKnownFileType = sourcecode.cpp.cpp; path = main.cpp; sourceTree = "<group>"; };
		02E8C8B728A31DD10056C7BD /* Enumerations */ = {isa = PBXFileReference; explicitFileType = "compiled.mach-o.executable"; includeInIndex = 0; path = Enumerations; sourceTree = BUILT_PRODUCTS_DIR; };
		02E8C8B928A31DD10056C7BD /* main.cpp */ = {isa = PBXFileReference; lastKnownFileType = sourcecode.cpp.cpp; path = main.cpp; sourceTree = "<group>"; };
		02E8C8BF28A325400056C7BD /* description.txt */ = {isa = PBXFileReference; lastKnownFileType = text; path = description.txt; sourceTree = "<group>"; };
		02E8C8C028A3275B0056C7BD /* description.txt */ = {isa = PBXFileReference; lastKnownFileType = text; path = description.txt; sourceTree = "<group>"; };
		02E8C8C128A4290D0056C7BD /* description.txt */ = {isa = PBXFileReference; lastKnownFileType = text; path = description.txt; sourceTree = "<group>"; };
		02E8C8C328A42A070056C7BD /* LetterPyramid.hpp */ = {isa = PBXFileReference; lastKnownFileType = sourcecode.cpp.h; path = LetterPyramid.hpp; sourceTree = "<group>"; };
		02E8C98A28A59CE80056C7BD /* description.txt */ = {isa = PBXFileReference; lastKnownFileType = text; path = description.txt; sourceTree = "<group>"; };
		02E8C98B28A59E820056C7BD /* description.txt */ = {isa = PBXFileReference; lastKnownFileType = text; path = description.txt; sourceTree = "<group>"; };
		02E8C98C28A59F3E0056C7BD /* description.txt */ = {isa = PBXFileReference; lastKnownFileType = text; path = description.txt; sourceTree = "<group>"; };
		02E8C98D28A59F970056C7BD /* Movie.cpp */ = {isa = PBXFileReference; lastKnownFileType = sourcecode.cpp.cpp; path = Movie.cpp; sourceTree = "<group>"; };
		02E8C98E28A59F970056C7BD /* Movie.hpp */ = {isa = PBXFileReference; lastKnownFileType = sourcecode.cpp.h; path = Movie.hpp; sourceTree = "<group>"; };
		02E8C99028A5A14A0056C7BD /* Movies.cpp */ = {isa = PBXFileReference; lastKnownFileType = sourcecode.cpp.cpp; path = Movies.cpp; sourceTree = "<group>"; };
		02E8C99128A5A14A0056C7BD /* Movies.hpp */ = {isa = PBXFileReference; lastKnownFileType = sourcecode.cpp.h; path = Movies.hpp; sourceTree = "<group>"; };
		02E8C99328A600710056C7BD /* MoviesUtil.cpp */ = {isa = PBXFileReference; lastKnownFileType = sourcecode.cpp.cpp; path = MoviesUtil.cpp; sourceTree = "<group>"; };
		02E8C99428A600710056C7BD /* MoviesUtil.hpp */ = {isa = PBXFileReference; lastKnownFileType = sourcecode.cpp.h; path = MoviesUtil.hpp; sourceTree = "<group>"; };
		02E8C99628A7320F0056C7BD /* description.txt */ = {isa = PBXFileReference; lastKnownFileType = text; path = description.txt; sourceTree = "<group>"; };
		02E8C99728A7324A0056C7BD /* MyStringMember.cpp */ = {isa = PBXFileReference; lastKnownFileType = sourcecode.cpp.cpp; path = MyStringMember.cpp; sourceTree = "<group>"; };
		02E8C99828A7324A0056C7BD /* MyStringMember.hpp */ = {isa = PBXFileReference; lastKnownFileType = sourcecode.cpp.h; path = MyStringMember.hpp; sourceTree = "<group>"; };
		02E8C99A28A8AC040056C7BD /* MyStringFriend.cpp */ = {isa = PBXFileReference; lastKnownFileType = sourcecode.cpp.cpp; path = MyStringFriend.cpp; sourceTree = "<group>"; };
		02E8C99B28A8AC040056C7BD /* MyStringFriend.hpp */ = {isa = PBXFileReference; lastKnownFileType = sourcecode.cpp.h; path = MyStringFriend.hpp; sourceTree = "<group>"; };
		02E8C9A128AAE29A0056C7BD /* description.txt */ = {isa = PBXFileReference; lastKnownFileType = text; path = description.txt; sourceTree = "<group>"; };
		02E8C9A228AAE3000056C7BD /* Account.cpp */ = {isa = PBXFileReference; lastKnownFileType = sourcecode.cpp.cpp; path = Account.cpp; sourceTree = "<group>"; };
		02E8C9A328AAE3000056C7BD /* Account.hpp */ = {isa = PBXFileReference; lastKnownFileType = sourcecode.cpp.h; path = Account.hpp; sourceTree = "<group>"; };
		02E8C9A528AAE39D0056C7BD /* Account_Util.cpp */ = {isa = PBXFileReference; lastKnownFileType = sourcecode.cpp.cpp; path = Account_Util.cpp; sourceTree = "<group>"; };
		02E8C9A628AAE39D0056C7BD /* Account_Util.hpp */ = {isa = PBXFileReference; lastKnownFileType = sourcecode.cpp.h; path = Account_Util.hpp; sourceTree = "<group>"; };
		02E8C9A828AAE3E40056C7BD /* Savings_Account.cpp */ = {isa = PBXFileReference; lastKnownFileType = sourcecode.cpp.cpp; path = Savings_Account.cpp; sourceTree = "<group>"; };
		02E8C9A928AAE3E40056C7BD /* Savings_Account.hpp */ = {isa = PBXFileReference; lastKnownFileType = sourcecode.cpp.h; path = Savings_Account.hpp; sourceTree = "<group>"; };
		02E8C9AB28AAE4300056C7BD /* Checking_Account.cpp */ = {isa = PBXFileReference; lastKnownFileType = sourcecode.cpp.cpp; path = Checking_Account.cpp; sourceTree = "<group>"; };
		02E8C9AC28AAE4300056C7BD /* Checking_Account.hpp */ = {isa = PBXFileReference; lastKnownFileType = sourcecode.cpp.h; path = Checking_Account.hpp; sourceTree = "<group>"; };
		02E8C9AE28AAE45E0056C7BD /* Trust_Account.cpp */ = {isa = PBXFileReference; lastKnownFileType = sourcecode.cpp.cpp; path = Trust_Account.cpp; sourceTree = "<group>"; };
		02E8C9AF28AAE45E0056C7BD /* Trust_Account.hpp */ = {isa = PBXFileReference; lastKnownFileType = sourcecode.cpp.h; path = Trust_Account.hpp; sourceTree = "<group>"; };
		02E8C9B128AAE5900056C7BD /* description.txt */ = {isa = PBXFileReference; lastKnownFileType = text; path = description.txt; sourceTree = "<group>"; };
		02E8C9B228AAE5E00056C7BD /* I_Printable.cpp */ = {isa = PBXFileReference; lastKnownFileType = sourcecode.cpp.cpp; path = I_Printable.cpp; sourceTree = "<group>"; };
		02E8C9B328AAE5E00056C7BD /* I_Printable.hpp */ = {isa = PBXFileReference; lastKnownFileType = sourcecode.cpp.h; path = I_Printable.hpp; sourceTree = "<group>"; };
		02E8C9B528AAE6040056C7BD /* Account.cpp */ = {isa = PBXFileReference; lastKnownFileType = sourcecode.cpp.cpp; path = Account.cpp; sourceTree = "<group>"; };
		02E8C9B628AAE6040056C7BD /* Account.hpp */ = {isa = PBXFileReference; lastKnownFileType = sourcecode.cpp.h; path = Account.hpp; sourceTree = "<group>"; };
		02E8C9B828AAE6480056C7BD /* Account_Util.cpp */ = {isa = PBXFileReference; lastKnownFileType = sourcecode.cpp.cpp; path = Account_Util.cpp; sourceTree = "<group>"; };
		02E8C9B928AAE6480056C7BD /* Account_Util.hpp */ = {isa = PBXFileReference; lastKnownFileType = sourcecode.cpp.h; path = Account_Util.hpp; sourceTree = "<group>"; };
		02E8C9BB28AAE6800056C7BD /* Checking.cpp */ = {isa = PBXFileReference; lastKnownFileType = sourcecode.cpp.cpp; path = Checking.cpp; sourceTree = "<group>"; };
		02E8C9BC28AAE6800056C7BD /* Checking.hpp */ = {isa = PBXFileReference; lastKnownFileType = sourcecode.cpp.h; path = Checking.hpp; sourceTree = "<group>"; };
		02E8C9BE28AAE6C00056C7BD /* Savings.cpp */ = {isa = PBXFileReference; lastKnownFileType = sourcecode.cpp.cpp; path = Savings.cpp; sourceTree = "<group>"; };
		02E8C9BF28AAE6C00056C7BD /* Savings.hpp */ = {isa = PBXFileReference; lastKnownFileType = sourcecode.cpp.h; path = Savings.hpp; sourceTree = "<group>"; };
		02E8C9C128AAE6F40056C7BD /* Trust.cpp */ = {isa = PBXFileReference; lastKnownFileType = sourcecode.cpp.cpp; path = Trust.cpp; sourceTree = "<group>"; };
		02E8C9C228AAE6F40056C7BD /* Trust.hpp */ = {isa = PBXFileReference; lastKnownFileType = sourcecode.cpp.h; path = Trust.hpp; sourceTree = "<group>"; };
		02E8C9C428AAE8F00056C7BD /* description.txt */ = {isa = PBXFileReference; lastKnownFileType = text; path = description.txt; sourceTree = "<group>"; };
		02E8C9C628AAEA310056C7BD /* IllegalBalanceException.hpp */ = {isa = PBXFileReference; lastKnownFileType = sourcecode.cpp.h; path = IllegalBalanceException.hpp; sourceTree = "<group>"; };
		02E8C9C928AAEA4F0056C7BD /* InsufficientFundsException.hpp */ = {isa = PBXFileReference; lastKnownFileType = sourcecode.cpp.h; path = InsufficientFundsException.hpp; sourceTree = "<group>"; };
		02E8C9CB28AAEAD80056C7BD /* I_Printable.cpp */ = {isa = PBXFileReference; lastKnownFileType = sourcecode.cpp.cpp; path = I_Printable.cpp; sourceTree = "<group>"; };
		02E8C9CC28AAEAD80056C7BD /* I_Printable.hpp */ = {isa = PBXFileReference; lastKnownFileType = sourcecode.cpp.h; path = I_Printable.hpp; sourceTree = "<group>"; };
		02E8C9CE28AAEB170056C7BD /* Account.cpp */ = {isa = PBXFileReference; lastKnownFileType = sourcecode.cpp.cpp; path = Account.cpp; sourceTree = "<group>"; };
		02E8C9CF28AAEB170056C7BD /* Account.hpp */ = {isa = PBXFileReference; lastKnownFileType = sourcecode.cpp.h; path = Account.hpp; sourceTree = "<group>"; };
		02E8C9D128AAF3090056C7BD /* Account_Util.cpp */ = {isa = PBXFileReference; lastKnownFileType = sourcecode.cpp.cpp; path = Account_Util.cpp; sourceTree = "<group>"; };
		02E8C9D228AAF3090056C7BD /* Account_Util.hpp */ = {isa = PBXFileReference; lastKnownFileType = sourcecode.cpp.h; path = Account_Util.hpp; sourceTree = "<group>"; };
		02E8C9D428AAF3650056C7BD /* Checking.cpp */ = {isa = PBXFileReference; lastKnownFileType = sourcecode.cpp.cpp; path = Checking.cpp; sourceTree = "<group>"; };
		02E8C9D528AAF3650056C7BD /* Checking.hpp */ = {isa = PBXFileReference; lastKnownFileType = sourcecode.cpp.h; path = Checking.hpp; sourceTree = "<group>"; };
		02E8C9D728AAF3E40056C7BD /* Savings.cpp */ = {isa = PBXFileReference; lastKnownFileType = sourcecode.cpp.cpp; path = Savings.cpp; sourceTree = "<group>"; };
		02E8C9D828AAF3E40056C7BD /* Savings.hpp */ = {isa = PBXFileReference; lastKnownFileType = sourcecode.cpp.h; path = Savings.hpp; sourceTree = "<group>"; };
		02E8C9DA28AAF3FF0056C7BD /* Trust.cpp */ = {isa = PBXFileReference; lastKnownFileType = sourcecode.cpp.cpp; path = Trust.cpp; sourceTree = "<group>"; };
		02E8C9DB28AAF3FF0056C7BD /* Trust.hpp */ = {isa = PBXFileReference; lastKnownFileType = sourcecode.cpp.h; path = Trust.hpp; sourceTree = "<group>"; };
		02E8C9FA28AD635D0056C7BD /* format-output-description.txt */ = {isa = PBXFileReference; lastKnownFileType = text; path = "format-output-description.txt"; sourceTree = "<group>"; };
		02E8C9FD28AD64180056C7BD /* auto-grader-description.txt */ = {isa = PBXFileReference; lastKnownFileType = text; path = "auto-grader-description.txt"; sourceTree = "<group>"; };
		02E8C9FE28AD64690056C7BD /* responses.txt */ = {isa = PBXFileReference; lastKnownFileType = text; path = responses.txt; sourceTree = "<group>"; };
		02E8CA0228AD65B60056C7BD /* auto-grader.hpp */ = {isa = PBXFileReference; lastKnownFileType = sourcecode.cpp.h; name = "auto-grader.hpp"; path = "IOandStreams/auto-grader.hpp"; sourceTree = SOURCE_ROOT; };
		02E8CA0528AD66790056C7BD /* format-output.hpp */ = {isa = PBXFileReference; lastKnownFileType = sourcecode.cpp.h; path = "format-output.hpp"; sourceTree = "<group>"; };
		02E8CA4128AD717C0056C7BD /* word-finder-description */ = {isa = PBXFileReference; lastKnownFileType = text; path = "word-finder-description"; sourceTree = "<group>"; };
		02E8CA4228AD71A80056C7BD /* romeoandjuliet.txt */ = {isa = PBXFileReference; lastKnownFileType = text; path = romeoandjuliet.txt; sourceTree = "<group>"; };
		02E8CA4428AD72770056C7BD /* WordFinder.hpp */ = {isa = PBXFileReference; lastKnownFileType = sourcecode.cpp.h; path = WordFinder.hpp; sourceTree = "<group>"; };
		02E8CA4E28ADAD080056C7BD /* CopyRomeoAndJuliet.hpp */ = {isa = PBXFileReference; lastKnownFileType = sourcecode.cpp.h; path = CopyRomeoAndJuliet.hpp; sourceTree = "<group>"; };
		02E8CA5028ADAD2E0056C7BD /* CopyRomeoAndJuliet-description */ = {isa = PBXFileReference; lastKnownFileType = text; path = "CopyRomeoAndJuliet-description"; sourceTree = "<group>"; };
		02E8CA5228ADB01A0056C7BD /* new-romeo-juliet.txt */ = {isa = PBXFileReference; fileEncoding = 4; lastKnownFileType = text; path = "new-romeo-juliet.txt"; sourceTree = "<group>"; };
/* End PBXFileReference section */

/* Begin PBXFrameworksBuildPhase section */
		02E8C7FC28A3145F0056C7BD /* Frameworks */ = {
			isa = PBXFrameworksBuildPhase;
			buildActionMask = 2147483647;
			files = (
			);
			runOnlyForDeploymentPostprocessing = 0;
		};
		02E8C81A28A318210056C7BD /* Frameworks */ = {
			isa = PBXFrameworksBuildPhase;
			buildActionMask = 2147483647;
			files = (
			);
			runOnlyForDeploymentPostprocessing = 0;
		};
		02E8C82528A318490056C7BD /* Frameworks */ = {
			isa = PBXFrameworksBuildPhase;
			buildActionMask = 2147483647;
			files = (
			);
			runOnlyForDeploymentPostprocessing = 0;
		};
		02E8C83028A318AE0056C7BD /* Frameworks */ = {
			isa = PBXFrameworksBuildPhase;
			buildActionMask = 2147483647;
			files = (
			);
			runOnlyForDeploymentPostprocessing = 0;
		};
		02E8C83B28A318DC0056C7BD /* Frameworks */ = {
			isa = PBXFrameworksBuildPhase;
			buildActionMask = 2147483647;
			files = (
			);
			runOnlyForDeploymentPostprocessing = 0;
		};
		02E8C84628A3190E0056C7BD /* Frameworks */ = {
			isa = PBXFrameworksBuildPhase;
			buildActionMask = 2147483647;
			files = (
			);
			runOnlyForDeploymentPostprocessing = 0;
		};
		02E8C85128A319510056C7BD /* Frameworks */ = {
			isa = PBXFrameworksBuildPhase;
			buildActionMask = 2147483647;
			files = (
			);
			runOnlyForDeploymentPostprocessing = 0;
		};
		02E8C85C28A319660056C7BD /* Frameworks */ = {
			isa = PBXFrameworksBuildPhase;
			buildActionMask = 2147483647;
			files = (
			);
			runOnlyForDeploymentPostprocessing = 0;
		};
		02E8C86728A319940056C7BD /* Frameworks */ = {
			isa = PBXFrameworksBuildPhase;
			buildActionMask = 2147483647;
			files = (
			);
			runOnlyForDeploymentPostprocessing = 0;
		};
		02E8C87228A319A00056C7BD /* Frameworks */ = {
			isa = PBXFrameworksBuildPhase;
			buildActionMask = 2147483647;
			files = (
			);
			runOnlyForDeploymentPostprocessing = 0;
		};
		02E8C87D28A319AF0056C7BD /* Frameworks */ = {
			isa = PBXFrameworksBuildPhase;
			buildActionMask = 2147483647;
			files = (
			);
			runOnlyForDeploymentPostprocessing = 0;
		};
		02E8C88828A319C30056C7BD /* Frameworks */ = {
			isa = PBXFrameworksBuildPhase;
			buildActionMask = 2147483647;
			files = (
			);
			runOnlyForDeploymentPostprocessing = 0;
		};
		02E8C89328A31D540056C7BD /* Frameworks */ = {
			isa = PBXFrameworksBuildPhase;
			buildActionMask = 2147483647;
			files = (
			);
			runOnlyForDeploymentPostprocessing = 0;
		};
		02E8C89E28A31DA10056C7BD /* Frameworks */ = {
			isa = PBXFrameworksBuildPhase;
			buildActionMask = 2147483647;
			files = (
			);
			runOnlyForDeploymentPostprocessing = 0;
		};
		02E8C8A928A31DC30056C7BD /* Frameworks */ = {
			isa = PBXFrameworksBuildPhase;
			buildActionMask = 2147483647;
			files = (
			);
			runOnlyForDeploymentPostprocessing = 0;
		};
		02E8C8B428A31DD10056C7BD /* Frameworks */ = {
			isa = PBXFrameworksBuildPhase;
			buildActionMask = 2147483647;
			files = (
			);
			runOnlyForDeploymentPostprocessing = 0;
		};
/* End PBXFrameworksBuildPhase section */

/* Begin PBXGroup section */
		02E8C7F628A3145F0056C7BD = {
			isa = PBXGroup;
			children = (
				02E8C80128A3145F0056C7BD /* LearningCPP_UdemyChallenges */,
				02E8C81E28A318210056C7BD /* StatementsAndOperators */,
				02E8C82928A318490056C7BD /* ControllingProgramFlow */,
				02E8C83428A318AE0056C7BD /* CharactersAndStrings */,
				02E8C83F28A318DC0056C7BD /* Functions */,
				02E8C84A28A3190E0056C7BD /* PointersAndReferences */,
				02E8C85528A319510056C7BD /* OOP-ClassesAndObjects */,
				02E8C86028A319670056C7BD /* OperatorOverloading */,
				02E8C86B28A319950056C7BD /* Inheritance */,
				02E8C87628A319A00056C7BD /* Polymorphism */,
				02E8C88128A319AF0056C7BD /* SmartPointers */,
				02E8C88C28A319C30056C7BD /* ExceptionHandling */,
				02E8C89728A31D550056C7BD /* IOandStreams */,
				02E8C8A228A31DA10056C7BD /* StandardTemplateLibrary */,
				02E8C8AD28A31DC30056C7BD /* LambdaExpressions */,
				02E8C8B828A31DD10056C7BD /* Enumerations */,
				02E8C80028A3145F0056C7BD /* Products */,
			);
			sourceTree = "<group>";
		};
		02E8C80028A3145F0056C7BD /* Products */ = {
			isa = PBXGroup;
			children = (
				02E8C7FF28A3145F0056C7BD /* LearningCPP_UdemyChallenges */,
				02E8C81D28A318210056C7BD /* StatementsAndOperators */,
				02E8C82828A318490056C7BD /* ControllingProgramFlow */,
				02E8C83328A318AE0056C7BD /* CharactersAndStrings */,
				02E8C83E28A318DC0056C7BD /* Functions */,
				02E8C84928A3190E0056C7BD /* PointersAndReferences */,
				02E8C85428A319510056C7BD /* OOP-ClassesAndObjects */,
				02E8C85F28A319660056C7BD /* OperatorOverloading */,
				02E8C86A28A319940056C7BD /* Inheritance */,
				02E8C87528A319A00056C7BD /* Polymorphism */,
				02E8C88028A319AF0056C7BD /* SmartPointers */,
				02E8C88B28A319C30056C7BD /* ExceptionHandling */,
				02E8C89628A31D540056C7BD /* IOandStreams */,
				02E8C8A128A31DA10056C7BD /* StandardTemplateLibrary */,
				02E8C8AC28A31DC30056C7BD /* LambdaExpressions */,
				02E8C8B728A31DD10056C7BD /* Enumerations */,
			);
			name = Products;
			sourceTree = "<group>";
		};
		02E8C80128A3145F0056C7BD /* LearningCPP_UdemyChallenges */ = {
			isa = PBXGroup;
			children = (
				02E8C80228A3145F0056C7BD /* main.cpp */,
			);
			path = LearningCPP_UdemyChallenges;
			sourceTree = "<group>";
		};
		02E8C81E28A318210056C7BD /* StatementsAndOperators */ = {
			isa = PBXGroup;
			children = (
				02E8C81F28A318210056C7BD /* main.cpp */,
				02E8C8BF28A325400056C7BD /* description.txt */,
			);
			path = StatementsAndOperators;
			sourceTree = "<group>";
		};
		02E8C82928A318490056C7BD /* ControllingProgramFlow */ = {
			isa = PBXGroup;
			children = (
				02E8C82A28A318490056C7BD /* main.cpp */,
				02E8C8C028A3275B0056C7BD /* description.txt */,
			);
			path = ControllingProgramFlow;
			sourceTree = "<group>";
		};
		02E8C83428A318AE0056C7BD /* CharactersAndStrings */ = {
			isa = PBXGroup;
			children = (
				02E8C83528A318AE0056C7BD /* main.cpp */,
				02E8C8C128A4290D0056C7BD /* description.txt */,
				02E8C8C328A42A070056C7BD /* LetterPyramid.hpp */,
			);
			path = CharactersAndStrings;
			sourceTree = "<group>";
		};
		02E8C83F28A318DC0056C7BD /* Functions */ = {
			isa = PBXGroup;
			children = (
				02E8C84028A318DC0056C7BD /* main.cpp */,
				02E8C98A28A59CE80056C7BD /* description.txt */,
			);
			path = Functions;
			sourceTree = "<group>";
		};
		02E8C84A28A3190E0056C7BD /* PointersAndReferences */ = {
			isa = PBXGroup;
			children = (
				02E8C84B28A3190E0056C7BD /* main.cpp */,
				02E8C98B28A59E820056C7BD /* description.txt */,
			);
			path = PointersAndReferences;
			sourceTree = "<group>";
		};
		02E8C85528A319510056C7BD /* OOP-ClassesAndObjects */ = {
			isa = PBXGroup;
			children = (
				02E8C85628A319510056C7BD /* main.cpp */,
				02E8C98C28A59F3E0056C7BD /* description.txt */,
				02E8C98D28A59F970056C7BD /* Movie.cpp */,
				02E8C98E28A59F970056C7BD /* Movie.hpp */,
				02E8C99028A5A14A0056C7BD /* Movies.cpp */,
				02E8C99128A5A14A0056C7BD /* Movies.hpp */,
				02E8C99328A600710056C7BD /* MoviesUtil.cpp */,
				02E8C99428A600710056C7BD /* MoviesUtil.hpp */,
			);
			path = "OOP-ClassesAndObjects";
			sourceTree = "<group>";
		};
		02E8C86028A319670056C7BD /* OperatorOverloading */ = {
			isa = PBXGroup;
			children = (
				02E8C86128A319670056C7BD /* main.cpp */,
				02E8C99628A7320F0056C7BD /* description.txt */,
				02E8C99728A7324A0056C7BD /* MyStringMember.cpp */,
				02E8C99828A7324A0056C7BD /* MyStringMember.hpp */,
				02E8C99A28A8AC040056C7BD /* MyStringFriend.cpp */,
				02E8C99B28A8AC040056C7BD /* MyStringFriend.hpp */,
			);
			path = OperatorOverloading;
			sourceTree = "<group>";
		};
		02E8C86B28A319950056C7BD /* Inheritance */ = {
			isa = PBXGroup;
			children = (
				02E8C86C28A319950056C7BD /* main.cpp */,
				02E8C9A128AAE29A0056C7BD /* description.txt */,
				02E8C9A228AAE3000056C7BD /* Account.cpp */,
				02E8C9A328AAE3000056C7BD /* Account.hpp */,
				02E8C9A528AAE39D0056C7BD /* Account_Util.cpp */,
				02E8C9A628AAE39D0056C7BD /* Account_Util.hpp */,
				02E8C9A828AAE3E40056C7BD /* Savings_Account.cpp */,
				02E8C9A928AAE3E40056C7BD /* Savings_Account.hpp */,
				02E8C9AB28AAE4300056C7BD /* Checking_Account.cpp */,
				02E8C9AC28AAE4300056C7BD /* Checking_Account.hpp */,
				02E8C9AE28AAE45E0056C7BD /* Trust_Account.cpp */,
				02E8C9AF28AAE45E0056C7BD /* Trust_Account.hpp */,
			);
			path = Inheritance;
			sourceTree = "<group>";
		};
		02E8C87628A319A00056C7BD /* Polymorphism */ = {
			isa = PBXGroup;
			children = (
				02E8C87728A319A00056C7BD /* main.cpp */,
				02E8C9B128AAE5900056C7BD /* description.txt */,
				02E8C9B228AAE5E00056C7BD /* I_Printable.cpp */,
				02E8C9B328AAE5E00056C7BD /* I_Printable.hpp */,
				02E8C9B528AAE6040056C7BD /* Account.cpp */,
				02E8C9B628AAE6040056C7BD /* Account.hpp */,
				02E8C9B828AAE6480056C7BD /* Account_Util.cpp */,
				02E8C9B928AAE6480056C7BD /* Account_Util.hpp */,
				02E8C9BB28AAE6800056C7BD /* Checking.cpp */,
				02E8C9BC28AAE6800056C7BD /* Checking.hpp */,
				02E8C9BE28AAE6C00056C7BD /* Savings.cpp */,
				02E8C9BF28AAE6C00056C7BD /* Savings.hpp */,
				02E8C9C128AAE6F40056C7BD /* Trust.cpp */,
				02E8C9C228AAE6F40056C7BD /* Trust.hpp */,
			);
			path = Polymorphism;
			sourceTree = "<group>";
		};
		02E8C88128A319AF0056C7BD /* SmartPointers */ = {
			isa = PBXGroup;
			children = (
				02E8C88228A319AF0056C7BD /* main.cpp */,
				02E8C9C428AAE8F00056C7BD /* description.txt */,
			);
			path = SmartPointers;
			sourceTree = "<group>";
		};
		02E8C88C28A319C30056C7BD /* ExceptionHandling */ = {
			isa = PBXGroup;
			children = (
				02E8C88D28A319C30056C7BD /* main.cpp */,
				02E8C9C628AAEA310056C7BD /* IllegalBalanceException.hpp */,
				02E8C9C928AAEA4F0056C7BD /* InsufficientFundsException.hpp */,
				02E8C9CB28AAEAD80056C7BD /* I_Printable.cpp */,
				02E8C9CC28AAEAD80056C7BD /* I_Printable.hpp */,
				02E8C9CE28AAEB170056C7BD /* Account.cpp */,
				02E8C9CF28AAEB170056C7BD /* Account.hpp */,
				02E8C9D128AAF3090056C7BD /* Account_Util.cpp */,
				02E8C9D228AAF3090056C7BD /* Account_Util.hpp */,
				02E8C9D428AAF3650056C7BD /* Checking.cpp */,
				02E8C9D528AAF3650056C7BD /* Checking.hpp */,
				02E8C9D728AAF3E40056C7BD /* Savings.cpp */,
				02E8C9D828AAF3E40056C7BD /* Savings.hpp */,
				02E8C9DA28AAF3FF0056C7BD /* Trust.cpp */,
				02E8C9DB28AAF3FF0056C7BD /* Trust.hpp */,
			);
			path = ExceptionHandling;
			sourceTree = "<group>";
		};
		02E8C89728A31D550056C7BD /* IOandStreams */ = {
			isa = PBXGroup;
			children = (
				02E8CA5128ADAD3C0056C7BD /* Descriptions */,
				02E8C8BE28A31DF60056C7BD /* TextFiles */,
				02E8C89828A31D550056C7BD /* main.cpp */,
				02E8CA0528AD66790056C7BD /* format-output.hpp */,
				02E8CA0228AD65B60056C7BD /* auto-grader.hpp */,
				02E8CA4428AD72770056C7BD /* WordFinder.hpp */,
				02E8CA4E28ADAD080056C7BD /* CopyRomeoAndJuliet.hpp */,
			);
			path = IOandStreams;
			sourceTree = "<group>";
		};
		02E8C8A228A31DA10056C7BD /* StandardTemplateLibrary */ = {
			isa = PBXGroup;
			children = (
				02E8C8A328A31DA10056C7BD /* main.cpp */,
			);
			path = StandardTemplateLibrary;
			sourceTree = "<group>";
		};
		02E8C8AD28A31DC30056C7BD /* LambdaExpressions */ = {
			isa = PBXGroup;
			children = (
				02E8C8AE28A31DC30056C7BD /* main.cpp */,
			);
			path = LambdaExpressions;
			sourceTree = "<group>";
		};
		02E8C8B828A31DD10056C7BD /* Enumerations */ = {
			isa = PBXGroup;
			children = (
				02E8C8B928A31DD10056C7BD /* main.cpp */,
			);
			path = Enumerations;
			sourceTree = "<group>";
		};
		02E8C8BE28A31DF60056C7BD /* TextFiles */ = {
			isa = PBXGroup;
			children = (
				02E8CA5228ADB01A0056C7BD /* new-romeo-juliet.txt */,
				02E8C9FE28AD64690056C7BD /* responses.txt */,
				02E8CA4228AD71A80056C7BD /* romeoandjuliet.txt */,
			);
			path = TextFiles;
			sourceTree = "<group>";
		};
		02E8CA5128ADAD3C0056C7BD /* Descriptions */ = {
			isa = PBXGroup;
			children = (
				02E8C9FA28AD635D0056C7BD /* format-output-description.txt */,
				02E8CA4128AD717C0056C7BD /* word-finder-description */,
				02E8C9FD28AD64180056C7BD /* auto-grader-description.txt */,
				02E8CA5028ADAD2E0056C7BD /* CopyRomeoAndJuliet-description */,
			);
			path = Descriptions;
			sourceTree = "<group>";
		};
/* End PBXGroup section */

/* Begin PBXNativeTarget section */
		02E8C7FE28A3145F0056C7BD /* LearningCPP_UdemyChallenges */ = {
			isa = PBXNativeTarget;
			buildConfigurationList = 02E8C80628A3145F0056C7BD /* Build configuration list for PBXNativeTarget "LearningCPP_UdemyChallenges" */;
			buildPhases = (
				02E8C7FB28A3145F0056C7BD /* Sources */,
				02E8C7FC28A3145F0056C7BD /* Frameworks */,
				02E8C7FD28A3145F0056C7BD /* CopyFiles */,
			);
			buildRules = (
			);
			dependencies = (
			);
			name = LearningCPP_UdemyChallenges;
			productName = "Udemy-CPP-Course-Challenges";
			productReference = 02E8C7FF28A3145F0056C7BD /* LearningCPP_UdemyChallenges */;
			productType = "com.apple.product-type.tool";
		};
		02E8C81C28A318210056C7BD /* StatementsAndOperators */ = {
			isa = PBXNativeTarget;
			buildConfigurationList = 02E8C82128A318210056C7BD /* Build configuration list for PBXNativeTarget "StatementsAndOperators" */;
			buildPhases = (
				02E8C81928A318210056C7BD /* Sources */,
				02E8C81A28A318210056C7BD /* Frameworks */,
				02E8C81B28A318210056C7BD /* CopyFiles */,
			);
			buildRules = (
			);
			dependencies = (
			);
			name = StatementsAndOperators;
			productName = StatementsAndOperators;
			productReference = 02E8C81D28A318210056C7BD /* StatementsAndOperators */;
			productType = "com.apple.product-type.tool";
		};
		02E8C82728A318490056C7BD /* ControllingProgramFlow */ = {
			isa = PBXNativeTarget;
			buildConfigurationList = 02E8C82C28A318490056C7BD /* Build configuration list for PBXNativeTarget "ControllingProgramFlow" */;
			buildPhases = (
				02E8C82428A318490056C7BD /* Sources */,
				02E8C82528A318490056C7BD /* Frameworks */,
				02E8C82628A318490056C7BD /* CopyFiles */,
			);
			buildRules = (
			);
			dependencies = (
			);
			name = ControllingProgramFlow;
			productName = ControllingProgramFlow;
			productReference = 02E8C82828A318490056C7BD /* ControllingProgramFlow */;
			productType = "com.apple.product-type.tool";
		};
		02E8C83228A318AE0056C7BD /* CharactersAndStrings */ = {
			isa = PBXNativeTarget;
			buildConfigurationList = 02E8C83728A318AE0056C7BD /* Build configuration list for PBXNativeTarget "CharactersAndStrings" */;
			buildPhases = (
				02E8C82F28A318AE0056C7BD /* Sources */,
				02E8C83028A318AE0056C7BD /* Frameworks */,
				02E8C83128A318AE0056C7BD /* CopyFiles */,
			);
			buildRules = (
			);
			dependencies = (
			);
			name = CharactersAndStrings;
			productName = CharactersAndStrings;
			productReference = 02E8C83328A318AE0056C7BD /* CharactersAndStrings */;
			productType = "com.apple.product-type.tool";
		};
		02E8C83D28A318DC0056C7BD /* Functions */ = {
			isa = PBXNativeTarget;
			buildConfigurationList = 02E8C84228A318DC0056C7BD /* Build configuration list for PBXNativeTarget "Functions" */;
			buildPhases = (
				02E8C83A28A318DC0056C7BD /* Sources */,
				02E8C83B28A318DC0056C7BD /* Frameworks */,
				02E8C83C28A318DC0056C7BD /* CopyFiles */,
			);
			buildRules = (
			);
			dependencies = (
			);
			name = Functions;
			productName = Functions;
			productReference = 02E8C83E28A318DC0056C7BD /* Functions */;
			productType = "com.apple.product-type.tool";
		};
		02E8C84828A3190E0056C7BD /* PointersAndReferences */ = {
			isa = PBXNativeTarget;
			buildConfigurationList = 02E8C84D28A3190E0056C7BD /* Build configuration list for PBXNativeTarget "PointersAndReferences" */;
			buildPhases = (
				02E8C84528A3190E0056C7BD /* Sources */,
				02E8C84628A3190E0056C7BD /* Frameworks */,
				02E8C84728A3190E0056C7BD /* CopyFiles */,
			);
			buildRules = (
			);
			dependencies = (
			);
			name = PointersAndReferences;
			productName = PointersAndReferences;
			productReference = 02E8C84928A3190E0056C7BD /* PointersAndReferences */;
			productType = "com.apple.product-type.tool";
		};
		02E8C85328A319510056C7BD /* OOP-ClassesAndObjects */ = {
			isa = PBXNativeTarget;
			buildConfigurationList = 02E8C85828A319510056C7BD /* Build configuration list for PBXNativeTarget "OOP-ClassesAndObjects" */;
			buildPhases = (
				02E8C85028A319510056C7BD /* Sources */,
				02E8C85128A319510056C7BD /* Frameworks */,
				02E8C85228A319510056C7BD /* CopyFiles */,
			);
			buildRules = (
			);
			dependencies = (
			);
			name = "OOP-ClassesAndObjects";
			productName = "OOP-ClassesAndObjects";
			productReference = 02E8C85428A319510056C7BD /* OOP-ClassesAndObjects */;
			productType = "com.apple.product-type.tool";
		};
		02E8C85E28A319660056C7BD /* OperatorOverloading */ = {
			isa = PBXNativeTarget;
			buildConfigurationList = 02E8C86328A319670056C7BD /* Build configuration list for PBXNativeTarget "OperatorOverloading" */;
			buildPhases = (
				02E8C85B28A319660056C7BD /* Sources */,
				02E8C85C28A319660056C7BD /* Frameworks */,
				02E8C85D28A319660056C7BD /* CopyFiles */,
			);
			buildRules = (
			);
			dependencies = (
			);
			name = OperatorOverloading;
			productName = OperatorOverloading;
			productReference = 02E8C85F28A319660056C7BD /* OperatorOverloading */;
			productType = "com.apple.product-type.tool";
		};
		02E8C86928A319940056C7BD /* Inheritance */ = {
			isa = PBXNativeTarget;
			buildConfigurationList = 02E8C86E28A319950056C7BD /* Build configuration list for PBXNativeTarget "Inheritance" */;
			buildPhases = (
				02E8C86628A319940056C7BD /* Sources */,
				02E8C86728A319940056C7BD /* Frameworks */,
				02E8C86828A319940056C7BD /* CopyFiles */,
			);
			buildRules = (
			);
			dependencies = (
			);
			name = Inheritance;
			productName = Inheritance;
			productReference = 02E8C86A28A319940056C7BD /* Inheritance */;
			productType = "com.apple.product-type.tool";
		};
		02E8C87428A319A00056C7BD /* Polymorphism */ = {
			isa = PBXNativeTarget;
			buildConfigurationList = 02E8C87928A319A00056C7BD /* Build configuration list for PBXNativeTarget "Polymorphism" */;
			buildPhases = (
				02E8C87128A319A00056C7BD /* Sources */,
				02E8C87228A319A00056C7BD /* Frameworks */,
				02E8C87328A319A00056C7BD /* CopyFiles */,
			);
			buildRules = (
			);
			dependencies = (
			);
			name = Polymorphism;
			productName = Polymorphism;
			productReference = 02E8C87528A319A00056C7BD /* Polymorphism */;
			productType = "com.apple.product-type.tool";
		};
		02E8C87F28A319AF0056C7BD /* SmartPointers */ = {
			isa = PBXNativeTarget;
			buildConfigurationList = 02E8C88428A319AF0056C7BD /* Build configuration list for PBXNativeTarget "SmartPointers" */;
			buildPhases = (
				02E8C87C28A319AF0056C7BD /* Sources */,
				02E8C87D28A319AF0056C7BD /* Frameworks */,
				02E8C87E28A319AF0056C7BD /* CopyFiles */,
			);
			buildRules = (
			);
			dependencies = (
			);
			name = SmartPointers;
			productName = SmartPointers;
			productReference = 02E8C88028A319AF0056C7BD /* SmartPointers */;
			productType = "com.apple.product-type.tool";
		};
		02E8C88A28A319C30056C7BD /* ExceptionHandling */ = {
			isa = PBXNativeTarget;
			buildConfigurationList = 02E8C88F28A319C30056C7BD /* Build configuration list for PBXNativeTarget "ExceptionHandling" */;
			buildPhases = (
				02E8C88728A319C30056C7BD /* Sources */,
				02E8C88828A319C30056C7BD /* Frameworks */,
				02E8C88928A319C30056C7BD /* CopyFiles */,
			);
			buildRules = (
			);
			dependencies = (
			);
			name = ExceptionHandling;
			productName = ExceptionHandling;
			productReference = 02E8C88B28A319C30056C7BD /* ExceptionHandling */;
			productType = "com.apple.product-type.tool";
		};
		02E8C89528A31D540056C7BD /* IOandStreams */ = {
			isa = PBXNativeTarget;
			buildConfigurationList = 02E8C89A28A31D550056C7BD /* Build configuration list for PBXNativeTarget "IOandStreams" */;
			buildPhases = (
				02E8C89228A31D540056C7BD /* Sources */,
				02E8C89328A31D540056C7BD /* Frameworks */,
				02E8C89428A31D540056C7BD /* CopyFiles */,
			);
			buildRules = (
			);
			dependencies = (
			);
			name = IOandStreams;
			productName = IOandStreams;
			productReference = 02E8C89628A31D540056C7BD /* IOandStreams */;
			productType = "com.apple.product-type.tool";
		};
		02E8C8A028A31DA10056C7BD /* StandardTemplateLibrary */ = {
			isa = PBXNativeTarget;
			buildConfigurationList = 02E8C8A528A31DA10056C7BD /* Build configuration list for PBXNativeTarget "StandardTemplateLibrary" */;
			buildPhases = (
				02E8C89D28A31DA10056C7BD /* Sources */,
				02E8C89E28A31DA10056C7BD /* Frameworks */,
				02E8C89F28A31DA10056C7BD /* CopyFiles */,
			);
			buildRules = (
			);
			dependencies = (
			);
			name = StandardTemplateLibrary;
			productName = StandardTemplateLibrary;
			productReference = 02E8C8A128A31DA10056C7BD /* StandardTemplateLibrary */;
			productType = "com.apple.product-type.tool";
		};
		02E8C8AB28A31DC30056C7BD /* LambdaExpressions */ = {
			isa = PBXNativeTarget;
			buildConfigurationList = 02E8C8B028A31DC30056C7BD /* Build configuration list for PBXNativeTarget "LambdaExpressions" */;
			buildPhases = (
				02E8C8A828A31DC30056C7BD /* Sources */,
				02E8C8A928A31DC30056C7BD /* Frameworks */,
				02E8C8AA28A31DC30056C7BD /* CopyFiles */,
			);
			buildRules = (
			);
			dependencies = (
			);
			name = LambdaExpressions;
			productName = LambdaExpressions;
			productReference = 02E8C8AC28A31DC30056C7BD /* LambdaExpressions */;
			productType = "com.apple.product-type.tool";
		};
		02E8C8B628A31DD10056C7BD /* Enumerations */ = {
			isa = PBXNativeTarget;
			buildConfigurationList = 02E8C8BB28A31DD10056C7BD /* Build configuration list for PBXNativeTarget "Enumerations" */;
			buildPhases = (
				02E8C8B328A31DD10056C7BD /* Sources */,
				02E8C8B428A31DD10056C7BD /* Frameworks */,
				02E8C8B528A31DD10056C7BD /* CopyFiles */,
			);
			buildRules = (
			);
			dependencies = (
			);
			name = Enumerations;
			productName = Enumerations;
			productReference = 02E8C8B728A31DD10056C7BD /* Enumerations */;
			productType = "com.apple.product-type.tool";
		};
/* End PBXNativeTarget section */

/* Begin PBXProject section */
		02E8C7F728A3145F0056C7BD /* Project object */ = {
			isa = PBXProject;
			attributes = {
				BuildIndependentTargetsInParallel = 1;
				LastUpgradeCheck = 1330;
				TargetAttributes = {
					02E8C7FE28A3145F0056C7BD = {
						CreatedOnToolsVersion = 13.3;
					};
					02E8C81C28A318210056C7BD = {
						CreatedOnToolsVersion = 13.3;
					};
					02E8C82728A318490056C7BD = {
						CreatedOnToolsVersion = 13.3;
					};
					02E8C83228A318AE0056C7BD = {
						CreatedOnToolsVersion = 13.3;
					};
					02E8C83D28A318DC0056C7BD = {
						CreatedOnToolsVersion = 13.3;
					};
					02E8C84828A3190E0056C7BD = {
						CreatedOnToolsVersion = 13.3;
					};
					02E8C85328A319510056C7BD = {
						CreatedOnToolsVersion = 13.3;
					};
					02E8C85E28A319660056C7BD = {
						CreatedOnToolsVersion = 13.3;
					};
					02E8C86928A319940056C7BD = {
						CreatedOnToolsVersion = 13.3;
					};
					02E8C87428A319A00056C7BD = {
						CreatedOnToolsVersion = 13.3;
					};
					02E8C87F28A319AF0056C7BD = {
						CreatedOnToolsVersion = 13.3;
					};
					02E8C88A28A319C30056C7BD = {
						CreatedOnToolsVersion = 13.3;
					};
					02E8C89528A31D540056C7BD = {
						CreatedOnToolsVersion = 13.3;
					};
					02E8C8A028A31DA10056C7BD = {
						CreatedOnToolsVersion = 13.3;
					};
					02E8C8AB28A31DC30056C7BD = {
						CreatedOnToolsVersion = 13.3;
					};
					02E8C8B628A31DD10056C7BD = {
						CreatedOnToolsVersion = 13.3;
					};
				};
			};
			buildConfigurationList = 02E8C7FA28A3145F0056C7BD /* Build configuration list for PBXProject "LearningCPP_UdemyChallenges" */;
			compatibilityVersion = "Xcode 13.0";
			developmentRegion = en;
			hasScannedForEncodings = 0;
			knownRegions = (
				en,
				Base,
			);
			mainGroup = 02E8C7F628A3145F0056C7BD;
			productRefGroup = 02E8C80028A3145F0056C7BD /* Products */;
			projectDirPath = "";
			projectRoot = "";
			targets = (
				02E8C7FE28A3145F0056C7BD /* LearningCPP_UdemyChallenges */,
				02E8C81C28A318210056C7BD /* StatementsAndOperators */,
				02E8C82728A318490056C7BD /* ControllingProgramFlow */,
				02E8C83228A318AE0056C7BD /* CharactersAndStrings */,
				02E8C83D28A318DC0056C7BD /* Functions */,
				02E8C84828A3190E0056C7BD /* PointersAndReferences */,
				02E8C85328A319510056C7BD /* OOP-ClassesAndObjects */,
				02E8C85E28A319660056C7BD /* OperatorOverloading */,
				02E8C86928A319940056C7BD /* Inheritance */,
				02E8C87428A319A00056C7BD /* Polymorphism */,
				02E8C87F28A319AF0056C7BD /* SmartPointers */,
				02E8C88A28A319C30056C7BD /* ExceptionHandling */,
				02E8C89528A31D540056C7BD /* IOandStreams */,
				02E8C8A028A31DA10056C7BD /* StandardTemplateLibrary */,
				02E8C8AB28A31DC30056C7BD /* LambdaExpressions */,
				02E8C8B628A31DD10056C7BD /* Enumerations */,
			);
		};
/* End PBXProject section */

/* Begin PBXSourcesBuildPhase section */
		02E8C7FB28A3145F0056C7BD /* Sources */ = {
			isa = PBXSourcesBuildPhase;
			buildActionMask = 2147483647;
			files = (
				02E8C80328A3145F0056C7BD /* main.cpp in Sources */,
			);
			runOnlyForDeploymentPostprocessing = 0;
		};
		02E8C81928A318210056C7BD /* Sources */ = {
			isa = PBXSourcesBuildPhase;
			buildActionMask = 2147483647;
			files = (
				02E8C82028A318210056C7BD /* main.cpp in Sources */,
			);
			runOnlyForDeploymentPostprocessing = 0;
		};
		02E8C82428A318490056C7BD /* Sources */ = {
			isa = PBXSourcesBuildPhase;
			buildActionMask = 2147483647;
			files = (
				02E8C82B28A318490056C7BD /* main.cpp in Sources */,
			);
			runOnlyForDeploymentPostprocessing = 0;
		};
		02E8C82F28A318AE0056C7BD /* Sources */ = {
			isa = PBXSourcesBuildPhase;
			buildActionMask = 2147483647;
			files = (
				02E8C83628A318AE0056C7BD /* main.cpp in Sources */,
			);
			runOnlyForDeploymentPostprocessing = 0;
		};
		02E8C83A28A318DC0056C7BD /* Sources */ = {
			isa = PBXSourcesBuildPhase;
			buildActionMask = 2147483647;
			files = (
				02E8C84128A318DC0056C7BD /* main.cpp in Sources */,
			);
			runOnlyForDeploymentPostprocessing = 0;
		};
		02E8C84528A3190E0056C7BD /* Sources */ = {
			isa = PBXSourcesBuildPhase;
			buildActionMask = 2147483647;
			files = (
				02E8C84C28A3190E0056C7BD /* main.cpp in Sources */,
			);
			runOnlyForDeploymentPostprocessing = 0;
		};
		02E8C85028A319510056C7BD /* Sources */ = {
			isa = PBXSourcesBuildPhase;
			buildActionMask = 2147483647;
			files = (
				02E8C99528A600710056C7BD /* MoviesUtil.cpp in Sources */,
				02E8C99228A5A14A0056C7BD /* Movies.cpp in Sources */,
				02E8C98F28A59F970056C7BD /* Movie.cpp in Sources */,
				02E8C85728A319510056C7BD /* main.cpp in Sources */,
			);
			runOnlyForDeploymentPostprocessing = 0;
		};
		02E8C85B28A319660056C7BD /* Sources */ = {
			isa = PBXSourcesBuildPhase;
			buildActionMask = 2147483647;
			files = (
				02E8C99C28A8AC040056C7BD /* MyStringFriend.cpp in Sources */,
				02E8C99928A7324B0056C7BD /* MyStringMember.cpp in Sources */,
				02E8C86228A319670056C7BD /* main.cpp in Sources */,
			);
			runOnlyForDeploymentPostprocessing = 0;
		};
		02E8C86628A319940056C7BD /* Sources */ = {
			isa = PBXSourcesBuildPhase;
			buildActionMask = 2147483647;
			files = (
				02E8C9AD28AAE4300056C7BD /* Checking_Account.cpp in Sources */,
				02E8C86D28A319950056C7BD /* main.cpp in Sources */,
				02E8C9A728AAE39D0056C7BD /* Account_Util.cpp in Sources */,
				02E8C9A428AAE3000056C7BD /* Account.cpp in Sources */,
				02E8C9B028AAE45E0056C7BD /* Trust_Account.cpp in Sources */,
				02E8C9AA28AAE3E40056C7BD /* Savings_Account.cpp in Sources */,
			);
			runOnlyForDeploymentPostprocessing = 0;
		};
		02E8C87128A319A00056C7BD /* Sources */ = {
			isa = PBXSourcesBuildPhase;
			buildActionMask = 2147483647;
			files = (
				02E8C87828A319A00056C7BD /* main.cpp in Sources */,
				02E8C9B728AAE6040056C7BD /* Account.cpp in Sources */,
				02E8C9BD28AAE6800056C7BD /* Checking.cpp in Sources */,
				02E8C9B428AAE5E10056C7BD /* I_Printable.cpp in Sources */,
				02E8C9BA28AAE6480056C7BD /* Account_Util.cpp in Sources */,
				02E8C9C328AAE6F40056C7BD /* Trust.cpp in Sources */,
				02E8C9C028AAE6C00056C7BD /* Savings.cpp in Sources */,
			);
			runOnlyForDeploymentPostprocessing = 0;
		};
		02E8C87C28A319AF0056C7BD /* Sources */ = {
			isa = PBXSourcesBuildPhase;
			buildActionMask = 2147483647;
			files = (
				02E8C88328A319AF0056C7BD /* main.cpp in Sources */,
			);
			runOnlyForDeploymentPostprocessing = 0;
		};
		02E8C88728A319C30056C7BD /* Sources */ = {
			isa = PBXSourcesBuildPhase;
			buildActionMask = 2147483647;
			files = (
				02E8C88E28A319C30056C7BD /* main.cpp in Sources */,
				02E8C9D028AAEB170056C7BD /* Account.cpp in Sources */,
				02E8C9D628AAF3650056C7BD /* Checking.cpp in Sources */,
				02E8C9CD28AAEAD80056C7BD /* I_Printable.cpp in Sources */,
				02E8C9D328AAF3090056C7BD /* Account_Util.cpp in Sources */,
				02E8C9DC28AAF3FF0056C7BD /* Trust.cpp in Sources */,
				02E8C9D928AAF3E40056C7BD /* Savings.cpp in Sources */,
			);
			runOnlyForDeploymentPostprocessing = 0;
		};
		02E8C89228A31D540056C7BD /* Sources */ = {
			isa = PBXSourcesBuildPhase;
			buildActionMask = 2147483647;
			files = (
				02E8C89928A31D550056C7BD /* main.cpp in Sources */,
			);
			runOnlyForDeploymentPostprocessing = 0;
		};
		02E8C89D28A31DA10056C7BD /* Sources */ = {
			isa = PBXSourcesBuildPhase;
			buildActionMask = 2147483647;
			files = (
				02E8C8A428A31DA10056C7BD /* main.cpp in Sources */,
			);
			runOnlyForDeploymentPostprocessing = 0;
		};
		02E8C8A828A31DC30056C7BD /* Sources */ = {
			isa = PBXSourcesBuildPhase;
			buildActionMask = 2147483647;
			files = (
				02E8C8AF28A31DC30056C7BD /* main.cpp in Sources */,
			);
			runOnlyForDeploymentPostprocessing = 0;
		};
		02E8C8B328A31DD10056C7BD /* Sources */ = {
			isa = PBXSourcesBuildPhase;
			buildActionMask = 2147483647;
			files = (
				02E8C8BA28A31DD10056C7BD /* main.cpp in Sources */,
			);
			runOnlyForDeploymentPostprocessing = 0;
		};
/* End PBXSourcesBuildPhase section */

/* Begin XCBuildConfiguration section */
		02E8C80428A3145F0056C7BD /* Debug */ = {
			isa = XCBuildConfiguration;
			buildSettings = {
				ALWAYS_SEARCH_USER_PATHS = NO;
				CLANG_ANALYZER_NONNULL = YES;
				CLANG_ANALYZER_NUMBER_OBJECT_CONVERSION = YES_AGGRESSIVE;
				CLANG_CXX_LANGUAGE_STANDARD = "gnu++17";
				CLANG_ENABLE_MODULES = YES;
				CLANG_ENABLE_OBJC_ARC = YES;
				CLANG_ENABLE_OBJC_WEAK = YES;
				CLANG_WARN_BLOCK_CAPTURE_AUTORELEASING = YES;
				CLANG_WARN_BOOL_CONVERSION = YES;
				CLANG_WARN_COMMA = YES;
				CLANG_WARN_CONSTANT_CONVERSION = YES;
				CLANG_WARN_DEPRECATED_OBJC_IMPLEMENTATIONS = YES;
				CLANG_WARN_DIRECT_OBJC_ISA_USAGE = YES_ERROR;
				CLANG_WARN_DOCUMENTATION_COMMENTS = YES;
				CLANG_WARN_EMPTY_BODY = YES;
				CLANG_WARN_ENUM_CONVERSION = YES;
				CLANG_WARN_INFINITE_RECURSION = YES;
				CLANG_WARN_INT_CONVERSION = YES;
				CLANG_WARN_NON_LITERAL_NULL_CONVERSION = YES;
				CLANG_WARN_OBJC_IMPLICIT_RETAIN_SELF = YES;
				CLANG_WARN_OBJC_LITERAL_CONVERSION = YES;
				CLANG_WARN_OBJC_ROOT_CLASS = YES_ERROR;
				CLANG_WARN_QUOTED_INCLUDE_IN_FRAMEWORK_HEADER = YES;
				CLANG_WARN_RANGE_LOOP_ANALYSIS = YES;
				CLANG_WARN_STRICT_PROTOTYPES = YES;
				CLANG_WARN_SUSPICIOUS_MOVE = YES;
				CLANG_WARN_UNGUARDED_AVAILABILITY = YES_AGGRESSIVE;
				CLANG_WARN_UNREACHABLE_CODE = YES;
				CLANG_WARN__DUPLICATE_METHOD_MATCH = YES;
				COPY_PHASE_STRIP = NO;
				DEBUG_INFORMATION_FORMAT = dwarf;
				ENABLE_STRICT_OBJC_MSGSEND = YES;
				ENABLE_TESTABILITY = YES;
				GCC_C_LANGUAGE_STANDARD = gnu11;
				GCC_DYNAMIC_NO_PIC = NO;
				GCC_NO_COMMON_BLOCKS = YES;
				GCC_OPTIMIZATION_LEVEL = 0;
				GCC_PREPROCESSOR_DEFINITIONS = (
					"DEBUG=1",
					"$(inherited)",
				);
				GCC_WARN_64_TO_32_BIT_CONVERSION = YES;
				GCC_WARN_ABOUT_RETURN_TYPE = YES_ERROR;
				GCC_WARN_UNDECLARED_SELECTOR = YES;
				GCC_WARN_UNINITIALIZED_AUTOS = YES_AGGRESSIVE;
				GCC_WARN_UNUSED_FUNCTION = YES;
				GCC_WARN_UNUSED_VARIABLE = YES;
				MACOSX_DEPLOYMENT_TARGET = 12.3;
				MTL_ENABLE_DEBUG_INFO = INCLUDE_SOURCE;
				MTL_FAST_MATH = YES;
				ONLY_ACTIVE_ARCH = YES;
				SDKROOT = macosx;
			};
			name = Debug;
		};
		02E8C80528A3145F0056C7BD /* Release */ = {
			isa = XCBuildConfiguration;
			buildSettings = {
				ALWAYS_SEARCH_USER_PATHS = NO;
				CLANG_ANALYZER_NONNULL = YES;
				CLANG_ANALYZER_NUMBER_OBJECT_CONVERSION = YES_AGGRESSIVE;
				CLANG_CXX_LANGUAGE_STANDARD = "gnu++17";
				CLANG_ENABLE_MODULES = YES;
				CLANG_ENABLE_OBJC_ARC = YES;
				CLANG_ENABLE_OBJC_WEAK = YES;
				CLANG_WARN_BLOCK_CAPTURE_AUTORELEASING = YES;
				CLANG_WARN_BOOL_CONVERSION = YES;
				CLANG_WARN_COMMA = YES;
				CLANG_WARN_CONSTANT_CONVERSION = YES;
				CLANG_WARN_DEPRECATED_OBJC_IMPLEMENTATIONS = YES;
				CLANG_WARN_DIRECT_OBJC_ISA_USAGE = YES_ERROR;
				CLANG_WARN_DOCUMENTATION_COMMENTS = YES;
				CLANG_WARN_EMPTY_BODY = YES;
				CLANG_WARN_ENUM_CONVERSION = YES;
				CLANG_WARN_INFINITE_RECURSION = YES;
				CLANG_WARN_INT_CONVERSION = YES;
				CLANG_WARN_NON_LITERAL_NULL_CONVERSION = YES;
				CLANG_WARN_OBJC_IMPLICIT_RETAIN_SELF = YES;
				CLANG_WARN_OBJC_LITERAL_CONVERSION = YES;
				CLANG_WARN_OBJC_ROOT_CLASS = YES_ERROR;
				CLANG_WARN_QUOTED_INCLUDE_IN_FRAMEWORK_HEADER = YES;
				CLANG_WARN_RANGE_LOOP_ANALYSIS = YES;
				CLANG_WARN_STRICT_PROTOTYPES = YES;
				CLANG_WARN_SUSPICIOUS_MOVE = YES;
				CLANG_WARN_UNGUARDED_AVAILABILITY = YES_AGGRESSIVE;
				CLANG_WARN_UNREACHABLE_CODE = YES;
				CLANG_WARN__DUPLICATE_METHOD_MATCH = YES;
				COPY_PHASE_STRIP = NO;
				DEBUG_INFORMATION_FORMAT = "dwarf-with-dsym";
				ENABLE_NS_ASSERTIONS = NO;
				ENABLE_STRICT_OBJC_MSGSEND = YES;
				GCC_C_LANGUAGE_STANDARD = gnu11;
				GCC_NO_COMMON_BLOCKS = YES;
				GCC_WARN_64_TO_32_BIT_CONVERSION = YES;
				GCC_WARN_ABOUT_RETURN_TYPE = YES_ERROR;
				GCC_WARN_UNDECLARED_SELECTOR = YES;
				GCC_WARN_UNINITIALIZED_AUTOS = YES_AGGRESSIVE;
				GCC_WARN_UNUSED_FUNCTION = YES;
				GCC_WARN_UNUSED_VARIABLE = YES;
				MACOSX_DEPLOYMENT_TARGET = 12.3;
				MTL_ENABLE_DEBUG_INFO = NO;
				MTL_FAST_MATH = YES;
				SDKROOT = macosx;
			};
			name = Release;
		};
		02E8C80728A3145F0056C7BD /* Debug */ = {
			isa = XCBuildConfiguration;
			buildSettings = {
				CODE_SIGN_STYLE = Automatic;
				PRODUCT_NAME = "$(TARGET_NAME)";
			};
			name = Debug;
		};
		02E8C80828A3145F0056C7BD /* Release */ = {
			isa = XCBuildConfiguration;
			buildSettings = {
				CODE_SIGN_STYLE = Automatic;
				PRODUCT_NAME = "$(TARGET_NAME)";
			};
			name = Release;
		};
		02E8C82228A318210056C7BD /* Debug */ = {
			isa = XCBuildConfiguration;
			buildSettings = {
				CODE_SIGN_STYLE = Automatic;
				PRODUCT_NAME = "$(TARGET_NAME)";
			};
			name = Debug;
		};
		02E8C82328A318210056C7BD /* Release */ = {
			isa = XCBuildConfiguration;
			buildSettings = {
				CODE_SIGN_STYLE = Automatic;
				PRODUCT_NAME = "$(TARGET_NAME)";
			};
			name = Release;
		};
		02E8C82D28A318490056C7BD /* Debug */ = {
			isa = XCBuildConfiguration;
			buildSettings = {
				CODE_SIGN_STYLE = Automatic;
				PRODUCT_NAME = "$(TARGET_NAME)";
			};
			name = Debug;
		};
		02E8C82E28A318490056C7BD /* Release */ = {
			isa = XCBuildConfiguration;
			buildSettings = {
				CODE_SIGN_STYLE = Automatic;
				PRODUCT_NAME = "$(TARGET_NAME)";
			};
			name = Release;
		};
		02E8C83828A318AE0056C7BD /* Debug */ = {
			isa = XCBuildConfiguration;
			buildSettings = {
				CODE_SIGN_STYLE = Automatic;
				PRODUCT_NAME = "$(TARGET_NAME)";
			};
			name = Debug;
		};
		02E8C83928A318AE0056C7BD /* Release */ = {
			isa = XCBuildConfiguration;
			buildSettings = {
				CODE_SIGN_STYLE = Automatic;
				PRODUCT_NAME = "$(TARGET_NAME)";
			};
			name = Release;
		};
		02E8C84328A318DC0056C7BD /* Debug */ = {
			isa = XCBuildConfiguration;
			buildSettings = {
				CODE_SIGN_STYLE = Automatic;
				PRODUCT_NAME = "$(TARGET_NAME)";
			};
			name = Debug;
		};
		02E8C84428A318DC0056C7BD /* Release */ = {
			isa = XCBuildConfiguration;
			buildSettings = {
				CODE_SIGN_STYLE = Automatic;
				PRODUCT_NAME = "$(TARGET_NAME)";
			};
			name = Release;
		};
		02E8C84E28A3190E0056C7BD /* Debug */ = {
			isa = XCBuildConfiguration;
			buildSettings = {
				CODE_SIGN_STYLE = Automatic;
				PRODUCT_NAME = "$(TARGET_NAME)";
			};
			name = Debug;
		};
		02E8C84F28A3190E0056C7BD /* Release */ = {
			isa = XCBuildConfiguration;
			buildSettings = {
				CODE_SIGN_STYLE = Automatic;
				PRODUCT_NAME = "$(TARGET_NAME)";
			};
			name = Release;
		};
		02E8C85928A319510056C7BD /* Debug */ = {
			isa = XCBuildConfiguration;
			buildSettings = {
				CODE_SIGN_STYLE = Automatic;
				PRODUCT_NAME = "$(TARGET_NAME)";
			};
			name = Debug;
		};
		02E8C85A28A319510056C7BD /* Release */ = {
			isa = XCBuildConfiguration;
			buildSettings = {
				CODE_SIGN_STYLE = Automatic;
				PRODUCT_NAME = "$(TARGET_NAME)";
			};
			name = Release;
		};
		02E8C86428A319670056C7BD /* Debug */ = {
			isa = XCBuildConfiguration;
			buildSettings = {
				CODE_SIGN_STYLE = Automatic;
				PRODUCT_NAME = "$(TARGET_NAME)";
			};
			name = Debug;
		};
		02E8C86528A319670056C7BD /* Release */ = {
			isa = XCBuildConfiguration;
			buildSettings = {
				CODE_SIGN_STYLE = Automatic;
				PRODUCT_NAME = "$(TARGET_NAME)";
			};
			name = Release;
		};
		02E8C86F28A319950056C7BD /* Debug */ = {
			isa = XCBuildConfiguration;
			buildSettings = {
				CODE_SIGN_STYLE = Automatic;
				PRODUCT_NAME = "$(TARGET_NAME)";
			};
			name = Debug;
		};
		02E8C87028A319950056C7BD /* Release */ = {
			isa = XCBuildConfiguration;
			buildSettings = {
				CODE_SIGN_STYLE = Automatic;
				PRODUCT_NAME = "$(TARGET_NAME)";
			};
			name = Release;
		};
		02E8C87A28A319A00056C7BD /* Debug */ = {
			isa = XCBuildConfiguration;
			buildSettings = {
				CODE_SIGN_STYLE = Automatic;
				PRODUCT_NAME = "$(TARGET_NAME)";
			};
			name = Debug;
		};
		02E8C87B28A319A00056C7BD /* Release */ = {
			isa = XCBuildConfiguration;
			buildSettings = {
				CODE_SIGN_STYLE = Automatic;
				PRODUCT_NAME = "$(TARGET_NAME)";
			};
			name = Release;
		};
		02E8C88528A319AF0056C7BD /* Debug */ = {
			isa = XCBuildConfiguration;
			buildSettings = {
				CODE_SIGN_STYLE = Automatic;
				PRODUCT_NAME = "$(TARGET_NAME)";
			};
			name = Debug;
		};
		02E8C88628A319AF0056C7BD /* Release */ = {
			isa = XCBuildConfiguration;
			buildSettings = {
				CODE_SIGN_STYLE = Automatic;
				PRODUCT_NAME = "$(TARGET_NAME)";
			};
			name = Release;
		};
		02E8C89028A319C30056C7BD /* Debug */ = {
			isa = XCBuildConfiguration;
			buildSettings = {
				CODE_SIGN_STYLE = Automatic;
				PRODUCT_NAME = "$(TARGET_NAME)";
			};
			name = Debug;
		};
		02E8C89128A319C30056C7BD /* Release */ = {
			isa = XCBuildConfiguration;
			buildSettings = {
				CODE_SIGN_STYLE = Automatic;
				PRODUCT_NAME = "$(TARGET_NAME)";
			};
			name = Release;
		};
		02E8C89B28A31D550056C7BD /* Debug */ = {
			isa = XCBuildConfiguration;
			buildSettings = {
				CODE_SIGN_STYLE = Automatic;
				PRODUCT_NAME = "$(TARGET_NAME)";
			};
			name = Debug;
		};
		02E8C89C28A31D550056C7BD /* Release */ = {
			isa = XCBuildConfiguration;
			buildSettings = {
				CODE_SIGN_STYLE = Automatic;
				PRODUCT_NAME = "$(TARGET_NAME)";
			};
			name = Release;
		};
		02E8C8A628A31DA10056C7BD /* Debug */ = {
			isa = XCBuildConfiguration;
			buildSettings = {
				CODE_SIGN_STYLE = Automatic;
				PRODUCT_NAME = "$(TARGET_NAME)";
			};
			name = Debug;
		};
		02E8C8A728A31DA10056C7BD /* Release */ = {
			isa = XCBuildConfiguration;
			buildSettings = {
				CODE_SIGN_STYLE = Automatic;
				PRODUCT_NAME = "$(TARGET_NAME)";
			};
			name = Release;
		};
		02E8C8B128A31DC30056C7BD /* Debug */ = {
			isa = XCBuildConfiguration;
			buildSettings = {
				CODE_SIGN_STYLE = Automatic;
				PRODUCT_NAME = "$(TARGET_NAME)";
			};
			name = Debug;
		};
		02E8C8B228A31DC30056C7BD /* Release */ = {
			isa = XCBuildConfiguration;
			buildSettings = {
				CODE_SIGN_STYLE = Automatic;
				PRODUCT_NAME = "$(TARGET_NAME)";
			};
			name = Release;
		};
		02E8C8BC28A31DD10056C7BD /* Debug */ = {
			isa = XCBuildConfiguration;
			buildSettings = {
				CODE_SIGN_STYLE = Automatic;
				PRODUCT_NAME = "$(TARGET_NAME)";
			};
			name = Debug;
		};
		02E8C8BD28A31DD10056C7BD /* Release */ = {
			isa = XCBuildConfiguration;
			buildSettings = {
				CODE_SIGN_STYLE = Automatic;
				PRODUCT_NAME = "$(TARGET_NAME)";
			};
			name = Release;
		};
/* End XCBuildConfiguration section */

/* Begin XCConfigurationList section */
		02E8C7FA28A3145F0056C7BD /* Build configuration list for PBXProject "LearningCPP_UdemyChallenges" */ = {
			isa = XCConfigurationList;
			buildConfigurations = (
				02E8C80428A3145F0056C7BD /* Debug */,
				02E8C80528A3145F0056C7BD /* Release */,
			);
			defaultConfigurationIsVisible = 0;
			defaultConfigurationName = Release;
		};
		02E8C80628A3145F0056C7BD /* Build configuration list for PBXNativeTarget "LearningCPP_UdemyChallenges" */ = {
			isa = XCConfigurationList;
			buildConfigurations = (
				02E8C80728A3145F0056C7BD /* Debug */,
				02E8C80828A3145F0056C7BD /* Release */,
			);
			defaultConfigurationIsVisible = 0;
			defaultConfigurationName = Release;
		};
		02E8C82128A318210056C7BD /* Build configuration list for PBXNativeTarget "StatementsAndOperators" */ = {
			isa = XCConfigurationList;
			buildConfigurations = (
				02E8C82228A318210056C7BD /* Debug */,
				02E8C82328A318210056C7BD /* Release */,
			);
			defaultConfigurationIsVisible = 0;
			defaultConfigurationName = Release;
		};
		02E8C82C28A318490056C7BD /* Build configuration list for PBXNativeTarget "ControllingProgramFlow" */ = {
			isa = XCConfigurationList;
			buildConfigurations = (
				02E8C82D28A318490056C7BD /* Debug */,
				02E8C82E28A318490056C7BD /* Release */,
			);
			defaultConfigurationIsVisible = 0;
			defaultConfigurationName = Release;
		};
		02E8C83728A318AE0056C7BD /* Build configuration list for PBXNativeTarget "CharactersAndStrings" */ = {
			isa = XCConfigurationList;
			buildConfigurations = (
				02E8C83828A318AE0056C7BD /* Debug */,
				02E8C83928A318AE0056C7BD /* Release */,
			);
			defaultConfigurationIsVisible = 0;
			defaultConfigurationName = Release;
		};
		02E8C84228A318DC0056C7BD /* Build configuration list for PBXNativeTarget "Functions" */ = {
			isa = XCConfigurationList;
			buildConfigurations = (
				02E8C84328A318DC0056C7BD /* Debug */,
				02E8C84428A318DC0056C7BD /* Release */,
			);
			defaultConfigurationIsVisible = 0;
			defaultConfigurationName = Release;
		};
		02E8C84D28A3190E0056C7BD /* Build configuration list for PBXNativeTarget "PointersAndReferences" */ = {
			isa = XCConfigurationList;
			buildConfigurations = (
				02E8C84E28A3190E0056C7BD /* Debug */,
				02E8C84F28A3190E0056C7BD /* Release */,
			);
			defaultConfigurationIsVisible = 0;
			defaultConfigurationName = Release;
		};
		02E8C85828A319510056C7BD /* Build configuration list for PBXNativeTarget "OOP-ClassesAndObjects" */ = {
			isa = XCConfigurationList;
			buildConfigurations = (
				02E8C85928A319510056C7BD /* Debug */,
				02E8C85A28A319510056C7BD /* Release */,
			);
			defaultConfigurationIsVisible = 0;
			defaultConfigurationName = Release;
		};
		02E8C86328A319670056C7BD /* Build configuration list for PBXNativeTarget "OperatorOverloading" */ = {
			isa = XCConfigurationList;
			buildConfigurations = (
				02E8C86428A319670056C7BD /* Debug */,
				02E8C86528A319670056C7BD /* Release */,
			);
			defaultConfigurationIsVisible = 0;
			defaultConfigurationName = Release;
		};
		02E8C86E28A319950056C7BD /* Build configuration list for PBXNativeTarget "Inheritance" */ = {
			isa = XCConfigurationList;
			buildConfigurations = (
				02E8C86F28A319950056C7BD /* Debug */,
				02E8C87028A319950056C7BD /* Release */,
			);
			defaultConfigurationIsVisible = 0;
			defaultConfigurationName = Release;
		};
		02E8C87928A319A00056C7BD /* Build configuration list for PBXNativeTarget "Polymorphism" */ = {
			isa = XCConfigurationList;
			buildConfigurations = (
				02E8C87A28A319A00056C7BD /* Debug */,
				02E8C87B28A319A00056C7BD /* Release */,
			);
			defaultConfigurationIsVisible = 0;
			defaultConfigurationName = Release;
		};
		02E8C88428A319AF0056C7BD /* Build configuration list for PBXNativeTarget "SmartPointers" */ = {
			isa = XCConfigurationList;
			buildConfigurations = (
				02E8C88528A319AF0056C7BD /* Debug */,
				02E8C88628A319AF0056C7BD /* Release */,
			);
			defaultConfigurationIsVisible = 0;
			defaultConfigurationName = Release;
		};
		02E8C88F28A319C30056C7BD /* Build configuration list for PBXNativeTarget "ExceptionHandling" */ = {
			isa = XCConfigurationList;
			buildConfigurations = (
				02E8C89028A319C30056C7BD /* Debug */,
				02E8C89128A319C30056C7BD /* Release */,
			);
			defaultConfigurationIsVisible = 0;
			defaultConfigurationName = Release;
		};
		02E8C89A28A31D550056C7BD /* Build configuration list for PBXNativeTarget "IOandStreams" */ = {
			isa = XCConfigurationList;
			buildConfigurations = (
				02E8C89B28A31D550056C7BD /* Debug */,
				02E8C89C28A31D550056C7BD /* Release */,
			);
			defaultConfigurationIsVisible = 0;
			defaultConfigurationName = Release;
		};
		02E8C8A528A31DA10056C7BD /* Build configuration list for PBXNativeTarget "StandardTemplateLibrary" */ = {
			isa = XCConfigurationList;
			buildConfigurations = (
				02E8C8A628A31DA10056C7BD /* Debug */,
				02E8C8A728A31DA10056C7BD /* Release */,
			);
			defaultConfigurationIsVisible = 0;
			defaultConfigurationName = Release;
		};
		02E8C8B028A31DC30056C7BD /* Build configuration list for PBXNativeTarget "LambdaExpressions" */ = {
			isa = XCConfigurationList;
			buildConfigurations = (
				02E8C8B128A31DC30056C7BD /* Debug */,
				02E8C8B228A31DC30056C7BD /* Release */,
			);
			defaultConfigurationIsVisible = 0;
			defaultConfigurationName = Release;
		};
		02E8C8BB28A31DD10056C7BD /* Build configuration list for PBXNativeTarget "Enumerations" */ = {
			isa = XCConfigurationList;
			buildConfigurations = (
				02E8C8BC28A31DD10056C7BD /* Debug */,
				02E8C8BD28A31DD10056C7BD /* Release */,
			);
			defaultConfigurationIsVisible = 0;
			defaultConfigurationName = Release;
		};
/* End XCConfigurationList section */
	};
	rootObject = 02E8C7F728A3145F0056C7BD /* Project object */;
}
